# THIS IS AN AUTOGENERATED FILE. DO NOT EDIT THIS FILE DIRECTLY.
# yarn lockfile v1


gamevas@^0.0.3:
  version "0.0.3"
  resolved "https://registry.yarnpkg.com/gamevas/-/gamevas-0.0.3.tgz#a419fcbfd05dc8847041af4ed03cedea9da62366"
  integrity sha512-hu+1lRx1hyD0GD6q5YKCICvL15VyIn5IgL8phCbpOzntGoMFdAyZlZvdgkhImY1RbCGTirmppgxPNtC8OXPOKA==
