# THIS IS AN AUTOGENERATED FILE. DO NOT EDIT THIS FILE DIRECTLY.
# yarn lockfile v1


gamevas@^0.0.4:
  version "0.0.4"
  resolved "https://registry.yarnpkg.com/gamevas/-/gamevas-0.0.4.tgz#90f51d7e3217aaecaf0e8287a102b629cb4469d4"
  integrity sha512-lk4Ds/Q8ug9FaVTOFVit2VJporoPdzUgJwhpEpdZAlJ9FfvSNy7aRN5oyEqP+BJo6ZbAuP6Zur2PlHmO1YMj4Q==
